
Microsoft Visual Studio Solution File, Format Version 12.00
Project("{FAE04EC0-301F-11D3-BF4B-00C04F79EFBC}") = "UniAssignmentThree", "UniAssignmentThree\UniAssignmentThree.csproj", "{3FE3BC8E-13A2-4234-B35A-5A4BB3D965EB}"
EndProject
Global
	GlobalSection(SolutionConfigurationPlatforms) = preSolution
		Debug|Any CPU = Debug|Any CPU
		Release|Any CPU = Release|Any CPU
	EndGlobalSection
	GlobalSection(ProjectConfigurationPlatforms) = postSolution
		{3FE3BC8E-13A2-4234-B35A-5A4BB3D965EB}.Debug|Any CPU.ActiveCfg = Debug|Any CPU
		{3FE3BC8E-13A2-4234-B35A-5A4BB3D965EB}.Debug|Any CPU.Build.0 = Debug|Any CPU
		{3FE3BC8E-13A2-4234-B35A-5A4BB3D965EB}.Release|Any CPU.ActiveCfg = Release|Any CPU
		{3FE3BC8E-13A2-4234-B35A-5A4BB3D965EB}.Release|Any CPU.Build.0 = Release|Any CPU
	EndGlobalSection
EndGlobal
